// !$*UTF8*$!
{
	archiveVersion = 1;
	classes = {
	};
	objectVersion = 50;
	objects = {

/* Begin PBXBuildFile section */
		0A0193CE252A0956006977E3 /* User.swift in Sources */ = {isa = PBXBuildFile; fileRef = 0A0193CD252A0956006977E3 /* User.swift */; };
		0A0193D2252A19E1006977E3 /* Group.swift in Sources */ = {isa = PBXBuildFile; fileRef = 0A0193D1252A19E1006977E3 /* Group.swift */; };
		0A0193DD252A237B006977E3 /* MemoryDataProvider.swift in Sources */ = {isa = PBXBuildFile; fileRef = 0A0193DC252A237B006977E3 /* MemoryDataProvider.swift */; };
		0A1A3F142527A33300235937 /* FriendsTableViewController.swift in Sources */ = {isa = PBXBuildFile; fileRef = 0A1A3F132527A33300235937 /* FriendsTableViewController.swift */; };
		0A1A3F172527A35C00235937 /* UserGroupsTableViewController.swift in Sources */ = {isa = PBXBuildFile; fileRef = 0A1A3F162527A35C00235937 /* UserGroupsTableViewController.swift */; };
		0A1A3F1A2527A75000235937 /* UserTableCell.swift in Sources */ = {isa = PBXBuildFile; fileRef = 0A1A3F192527A75000235937 /* UserTableCell.swift */; };
		0A1A3F1D2527B00B00235937 /* UserGroupCell.swift in Sources */ = {isa = PBXBuildFile; fileRef = 0A1A3F1C2527B00B00235937 /* UserGroupCell.swift */; };
		0A1A3F202527B26F00235937 /* TabViewController.swift in Sources */ = {isa = PBXBuildFile; fileRef = 0A1A3F1F2527B26F00235937 /* TabViewController.swift */; };
		0A2EE15E251FAF35009AECA1 /* AppDelegate.swift in Sources */ = {isa = PBXBuildFile; fileRef = 0A2EE15D251FAF35009AECA1 /* AppDelegate.swift */; };
		0A2EE160251FAF35009AECA1 /* SceneDelegate.swift in Sources */ = {isa = PBXBuildFile; fileRef = 0A2EE15F251FAF35009AECA1 /* SceneDelegate.swift */; };
		0A2EE165251FAF35009AECA1 /* Main.storyboard in Resources */ = {isa = PBXBuildFile; fileRef = 0A2EE163251FAF35009AECA1 /* Main.storyboard */; };
		0A2EE167251FAF36009AECA1 /* Assets.xcassets in Resources */ = {isa = PBXBuildFile; fileRef = 0A2EE166251FAF36009AECA1 /* Assets.xcassets */; };
		0A2EE16A251FAF36009AECA1 /* LaunchScreen.storyboard in Resources */ = {isa = PBXBuildFile; fileRef = 0A2EE168251FAF36009AECA1 /* LaunchScreen.storyboard */; };
		0A39704A2531CF7300B6082B /* LikeUIButton.swift in Sources */ = {isa = PBXBuildFile; fileRef = 0A3970492531CF7300B6082B /* LikeUIButton.swift */; };
		0A3B8FE82524FF2C003D4939 /* LoginService.swift in Sources */ = {isa = PBXBuildFile; fileRef = 0A3B8FE72524FF2C003D4939 /* LoginService.swift */; };
		0A565087253B6F6400FF7018 /* LoadingUIButton.swift in Sources */ = {isa = PBXBuildFile; fileRef = 0A565086253B6F6400FF7018 /* LoadingUIButton.swift */; };
		0A6B29BA2542047E00415CAD /* ImageViewController.swift in Sources */ = {isa = PBXBuildFile; fileRef = 0A6B29B92542047E00415CAD /* ImageViewController.swift */; };
		0A734A9E25379E200092F1CB /* FriendsDataProvider.swift in Sources */ = {isa = PBXBuildFile; fileRef = 0A734A9D25379E200092F1CB /* FriendsDataProvider.swift */; };
		0A734AA125379F2C0092F1CB /* UserGroupsStorage.swift in Sources */ = {isa = PBXBuildFile; fileRef = 0A734AA025379F2C0092F1CB /* UserGroupsStorage.swift */; };
		0A734AA42537A00E0092F1CB /* GroupsStorage.swift in Sources */ = {isa = PBXBuildFile; fileRef = 0A734AA32537A00E0092F1CB /* GroupsStorage.swift */; };
		0A734AA82537A1C90092F1CB /* GroupsViewController.swift in Sources */ = {isa = PBXBuildFile; fileRef = 0A734AA72537A1C90092F1CB /* GroupsViewController.swift */; };
		0A734AAC2537AA190092F1CB /* GroupCell.swift in Sources */ = {isa = PBXBuildFile; fileRef = 0A734AAB2537AA190092F1CB /* GroupCell.swift */; };
		0A7C6553253A23080000AFF3 /* NewsItemTableViewCell.swift in Sources */ = {isa = PBXBuildFile; fileRef = 0A7C6552253A23080000AFF3 /* NewsItemTableViewCell.swift */; };
		0A7C6556253A23640000AFF3 /* GroupNewsDataProvider.swift in Sources */ = {isa = PBXBuildFile; fileRef = 0A7C6555253A23640000AFF3 /* GroupNewsDataProvider.swift */; };
		0A7C6559253A23830000AFF3 /* NewsItem.swift in Sources */ = {isa = PBXBuildFile; fileRef = 0A7C6558253A23830000AFF3 /* NewsItem.swift */; };
		0A7C655C253A2B900000AFF3 /* NewsItemTableViewController.swift in Sources */ = {isa = PBXBuildFile; fileRef = 0A7C655B253A2B900000AFF3 /* NewsItemTableViewController.swift */; };
		0A99F40F2524FB4A00221793 /* LoginViewController.swift in Sources */ = {isa = PBXBuildFile; fileRef = 0A99F40E2524FB4A00221793 /* LoginViewController.swift */; };
		0AD97CBB252BADB30080779C /* Extensions.swift in Sources */ = {isa = PBXBuildFile; fileRef = 0AD97CBA252BADB30080779C /* Extensions.swift */; };
		0AD97CC0252BC12B0080779C /* UserCollectionViewCell.swift in Sources */ = {isa = PBXBuildFile; fileRef = 0AD97CBF252BC12B0080779C /* UserCollectionViewCell.swift */; };
		0AD97CC3252BC30B0080779C /* UserCollectionViewController.swift in Sources */ = {isa = PBXBuildFile; fileRef = 0AD97CC2252BC30B0080779C /* UserCollectionViewController.swift */; };
		0AEC81FF2540B922008AFBC4 /* ScaleViewCellAnimation.swift in Sources */ = {isa = PBXBuildFile; fileRef = 0AEC81FE2540B922008AFBC4 /* ScaleViewCellAnimation.swift */; };
		0AF0C6712538534600D70F9C /* GroupsDataProvider.swift in Sources */ = {isa = PBXBuildFile; fileRef = 0AF0C6702538534600D70F9C /* GroupsDataProvider.swift */; };
		0AF9E29E252E6151001C56FB /* AvatarView.swift in Sources */ = {isa = PBXBuildFile; fileRef = 0AF9E29D252E6151001C56FB /* AvatarView.swift */; };
/* End PBXBuildFile section */

/* Begin PBXFileReference section */
		0A0193CD252A0956006977E3 /* User.swift */ = {isa = PBXFileReference; lastKnownFileType = sourcecode.swift; path = User.swift; sourceTree = "<group>"; };
		0A0193D1252A19E1006977E3 /* Group.swift */ = {isa = PBXFileReference; lastKnownFileType = sourcecode.swift; path = Group.swift; sourceTree = "<group>"; };
		0A0193DC252A237B006977E3 /* MemoryDataProvider.swift */ = {isa = PBXFileReference; lastKnownFileType = sourcecode.swift; path = MemoryDataProvider.swift; sourceTree = "<group>"; };
		0A1A3F132527A33300235937 /* FriendsTableViewController.swift */ = {isa = PBXFileReference; lastKnownFileType = sourcecode.swift; path = FriendsTableViewController.swift; sourceTree = "<group>"; };
		0A1A3F162527A35C00235937 /* UserGroupsTableViewController.swift */ = {isa = PBXFileReference; lastKnownFileType = sourcecode.swift; path = UserGroupsTableViewController.swift; sourceTree = "<group>"; };
		0A1A3F192527A75000235937 /* UserTableCell.swift */ = {isa = PBXFileReference; lastKnownFileType = sourcecode.swift; path = UserTableCell.swift; sourceTree = "<group>"; };
		0A1A3F1C2527B00B00235937 /* UserGroupCell.swift */ = {isa = PBXFileReference; lastKnownFileType = sourcecode.swift; path = UserGroupCell.swift; sourceTree = "<group>"; };
		0A1A3F1F2527B26F00235937 /* TabViewController.swift */ = {isa = PBXFileReference; lastKnownFileType = sourcecode.swift; path = TabViewController.swift; sourceTree = "<group>"; };
		0A2EE15A251FAF35009AECA1 /* SocialApp.app */ = {isa = PBXFileReference; explicitFileType = wrapper.application; includeInIndex = 0; path = SocialApp.app; sourceTree = BUILT_PRODUCTS_DIR; };
		0A2EE15D251FAF35009AECA1 /* AppDelegate.swift */ = {isa = PBXFileReference; lastKnownFileType = sourcecode.swift; path = AppDelegate.swift; sourceTree = "<group>"; };
		0A2EE15F251FAF35009AECA1 /* SceneDelegate.swift */ = {isa = PBXFileReference; lastKnownFileType = sourcecode.swift; path = SceneDelegate.swift; sourceTree = "<group>"; };
		0A2EE164251FAF35009AECA1 /* Base */ = {isa = PBXFileReference; lastKnownFileType = file.storyboard; name = Base; path = Base.lproj/Main.storyboard; sourceTree = "<group>"; };
		0A2EE166251FAF36009AECA1 /* Assets.xcassets */ = {isa = PBXFileReference; lastKnownFileType = folder.assetcatalog; path = Assets.xcassets; sourceTree = "<group>"; };
		0A2EE169251FAF36009AECA1 /* Base */ = {isa = PBXFileReference; lastKnownFileType = file.storyboard; name = Base; path = Base.lproj/LaunchScreen.storyboard; sourceTree = "<group>"; };
		0A2EE16B251FAF36009AECA1 /* Info.plist */ = {isa = PBXFileReference; lastKnownFileType = text.plist.xml; path = Info.plist; sourceTree = "<group>"; };
		0A3970492531CF7300B6082B /* LikeUIButton.swift */ = {isa = PBXFileReference; lastKnownFileType = sourcecode.swift; path = LikeUIButton.swift; sourceTree = "<group>"; };
		0A3B8FE72524FF2C003D4939 /* LoginService.swift */ = {isa = PBXFileReference; lastKnownFileType = sourcecode.swift; path = LoginService.swift; sourceTree = "<group>"; };
		0A565086253B6F6400FF7018 /* LoadingUIButton.swift */ = {isa = PBXFileReference; lastKnownFileType = sourcecode.swift; path = LoadingUIButton.swift; sourceTree = "<group>"; };
		0A6B29B92542047E00415CAD /* ImageViewController.swift */ = {isa = PBXFileReference; lastKnownFileType = sourcecode.swift; path = ImageViewController.swift; sourceTree = "<group>"; };
		0A734A9D25379E200092F1CB /* FriendsDataProvider.swift */ = {isa = PBXFileReference; lastKnownFileType = sourcecode.swift; path = FriendsDataProvider.swift; sourceTree = "<group>"; };
		0A734AA025379F2C0092F1CB /* UserGroupsStorage.swift */ = {isa = PBXFileReference; lastKnownFileType = sourcecode.swift; path = UserGroupsStorage.swift; sourceTree = "<group>"; };
		0A734AA32537A00E0092F1CB /* GroupsStorage.swift */ = {isa = PBXFileReference; lastKnownFileType = sourcecode.swift; path = GroupsStorage.swift; sourceTree = "<group>"; };
		0A734AA72537A1C90092F1CB /* GroupsViewController.swift */ = {isa = PBXFileReference; lastKnownFileType = sourcecode.swift; path = GroupsViewController.swift; sourceTree = "<group>"; };
		0A734AAB2537AA190092F1CB /* GroupCell.swift */ = {isa = PBXFileReference; lastKnownFileType = sourcecode.swift; path = GroupCell.swift; sourceTree = "<group>"; };
		0A7C6552253A23080000AFF3 /* NewsItemTableViewCell.swift */ = {isa = PBXFileReference; lastKnownFileType = sourcecode.swift; path = NewsItemTableViewCell.swift; sourceTree = "<group>"; };
		0A7C6555253A23640000AFF3 /* GroupNewsDataProvider.swift */ = {isa = PBXFileReference; lastKnownFileType = sourcecode.swift; path = GroupNewsDataProvider.swift; sourceTree = "<group>"; };
		0A7C6558253A23830000AFF3 /* NewsItem.swift */ = {isa = PBXFileReference; lastKnownFileType = sourcecode.swift; path = NewsItem.swift; sourceTree = "<group>"; };
		0A7C655B253A2B900000AFF3 /* NewsItemTableViewController.swift */ = {isa = PBXFileReference; lastKnownFileType = sourcecode.swift; path = NewsItemTableViewController.swift; sourceTree = "<group>"; };
		0A99F40E2524FB4A00221793 /* LoginViewController.swift */ = {isa = PBXFileReference; lastKnownFileType = sourcecode.swift; path = LoginViewController.swift; sourceTree = "<group>"; };
		0AD97CBA252BADB30080779C /* Extensions.swift */ = {isa = PBXFileReference; lastKnownFileType = sourcecode.swift; path = Extensions.swift; sourceTree = "<group>"; };
		0AD97CBF252BC12B0080779C /* UserCollectionViewCell.swift */ = {isa = PBXFileReference; lastKnownFileType = sourcecode.swift; path = UserCollectionViewCell.swift; sourceTree = "<group>"; };
		0AD97CC2252BC30B0080779C /* UserCollectionViewController.swift */ = {isa = PBXFileReference; lastKnownFileType = sourcecode.swift; path = UserCollectionViewController.swift; sourceTree = "<group>"; };
		0AEC81FE2540B922008AFBC4 /* ScaleViewCellAnimation.swift */ = {isa = PBXFileReference; lastKnownFileType = sourcecode.swift; path = ScaleViewCellAnimation.swift; sourceTree = "<group>"; };
		0AF0C6702538534600D70F9C /* GroupsDataProvider.swift */ = {isa = PBXFileReference; lastKnownFileType = sourcecode.swift; path = GroupsDataProvider.swift; sourceTree = "<group>"; };
		0AF9E29D252E6151001C56FB /* AvatarView.swift */ = {isa = PBXFileReference; lastKnownFileType = sourcecode.swift; path = AvatarView.swift; sourceTree = "<group>"; };
/* End PBXFileReference section */

/* Begin PBXFrameworksBuildPhase section */
		0A2EE157251FAF35009AECA1 /* Frameworks */ = {
			isa = PBXFrameworksBuildPhase;
			buildActionMask = 2147483647;
			files = (
			);
			runOnlyForDeploymentPostprocessing = 0;
		};
/* End PBXFrameworksBuildPhase section */

/* Begin PBXGroup section */
		0A0193CC252A0933006977E3 /* Models */ = {
			isa = PBXGroup;
			children = (
				0A0193CD252A0956006977E3 /* User.swift */,
				0A0193D1252A19E1006977E3 /* Group.swift */,
				0A7C6558253A23830000AFF3 /* NewsItem.swift */,
			);
			path = Models;
			sourceTree = "<group>";
		};
		0A0193D4252A1E61006977E3 /* Protocols */ = {
			isa = PBXGroup;
			children = (
			);
			path = Protocols;
			sourceTree = "<group>";
		};
		0A0193D5252A207C006977E3 /* DataProviders */ = {
			isa = PBXGroup;
			children = (
				0A0193DC252A237B006977E3 /* MemoryDataProvider.swift */,
				0A734A9D25379E200092F1CB /* FriendsDataProvider.swift */,
				0A734AA025379F2C0092F1CB /* UserGroupsStorage.swift */,
				0A734AA32537A00E0092F1CB /* GroupsStorage.swift */,
				0AF0C6702538534600D70F9C /* GroupsDataProvider.swift */,
				0A7C6555253A23640000AFF3 /* GroupNewsDataProvider.swift */,
			);
			path = DataProviders;
			sourceTree = "<group>";
		};
		0A2EE151251FAF35009AECA1 = {
			isa = PBXGroup;
			children = (
				0A2EE15C251FAF35009AECA1 /* SocialApp */,
				0A2EE15B251FAF35009AECA1 /* Products */,
			);
			sourceTree = "<group>";
		};
		0A2EE15B251FAF35009AECA1 /* Products */ = {
			isa = PBXGroup;
			children = (
				0A2EE15A251FAF35009AECA1 /* SocialApp.app */,
			);
			name = Products;
			sourceTree = "<group>";
		};
		0A2EE15C251FAF35009AECA1 /* SocialApp */ = {
			isa = PBXGroup;
			children = (
				0AEC81FD2540B902008AFBC4 /* Animations */,
				0AF9E29C252E610D001C56FB /* Components */,
				0A0193D5252A207C006977E3 /* DataProviders */,
				0A0193D4252A1E61006977E3 /* Protocols */,
				0A0193CC252A0933006977E3 /* Models */,
				0A3B8FE62524FF00003D4939 /* Services */,
				0A99F4132524FB7300221793 /* Controllers */,
				0A99F4092524FB2000221793 /* Views */,
				0A2EE15D251FAF35009AECA1 /* AppDelegate.swift */,
				0A2EE15F251FAF35009AECA1 /* SceneDelegate.swift */,
				0A2EE166251FAF36009AECA1 /* Assets.xcassets */,
				0A2EE168251FAF36009AECA1 /* LaunchScreen.storyboard */,
				0A2EE16B251FAF36009AECA1 /* Info.plist */,
				0AD97CBA252BADB30080779C /* Extensions.swift */,
			);
			path = SocialApp;
			sourceTree = "<group>";
		};
		0A3B8FE62524FF00003D4939 /* Services */ = {
			isa = PBXGroup;
			children = (
				0A3B8FE72524FF2C003D4939 /* LoginService.swift */,
			);
			path = Services;
			sourceTree = "<group>";
		};
		0A99F4092524FB2000221793 /* Views */ = {
			isa = PBXGroup;
			children = (
				0A2EE163251FAF35009AECA1 /* Main.storyboard */,
			);
			path = Views;
			sourceTree = "<group>";
		};
		0A99F4132524FB7300221793 /* Controllers */ = {
			isa = PBXGroup;
			children = (
				0A99F40E2524FB4A00221793 /* LoginViewController.swift */,
				0A1A3F132527A33300235937 /* FriendsTableViewController.swift */,
				0A1A3F162527A35C00235937 /* UserGroupsTableViewController.swift */,
				0A1A3F192527A75000235937 /* UserTableCell.swift */,
				0A1A3F1C2527B00B00235937 /* UserGroupCell.swift */,
				0A1A3F1F2527B26F00235937 /* TabViewController.swift */,
				0AD97CBF252BC12B0080779C /* UserCollectionViewCell.swift */,
				0AD97CC2252BC30B0080779C /* UserCollectionViewController.swift */,
				0A734AA72537A1C90092F1CB /* GroupsViewController.swift */,
				0A734AAB2537AA190092F1CB /* GroupCell.swift */,
				0A7C6552253A23080000AFF3 /* NewsItemTableViewCell.swift */,
				0A7C655B253A2B900000AFF3 /* NewsItemTableViewController.swift */,
				0A6B29B92542047E00415CAD /* ImageViewController.swift */,
			);
			path = Controllers;
			sourceTree = "<group>";
		};
		0AEC81FD2540B902008AFBC4 /* Animations */ = {
			isa = PBXGroup;
			children = (
				0AEC81FE2540B922008AFBC4 /* ScaleViewCellAnimation.swift */,
			);
			path = Animations;
			sourceTree = "<group>";
		};
		0AF9E29C252E610D001C56FB /* Components */ = {
			isa = PBXGroup;
			children = (
				0AF9E29D252E6151001C56FB /* AvatarView.swift */,
				0A3970492531CF7300B6082B /* LikeUIButton.swift */,
				0A565086253B6F6400FF7018 /* LoadingUIButton.swift */,
			);
			path = Components;
			sourceTree = "<group>";
		};
/* End PBXGroup section */

/* Begin PBXNativeTarget section */
		0A2EE159251FAF35009AECA1 /* SocialApp */ = {
			isa = PBXNativeTarget;
			buildConfigurationList = 0A2EE16E251FAF36009AECA1 /* Build configuration list for PBXNativeTarget "SocialApp" */;
			buildPhases = (
				0A2EE156251FAF35009AECA1 /* Sources */,
				0A2EE157251FAF35009AECA1 /* Frameworks */,
				0A2EE158251FAF35009AECA1 /* Resources */,
			);
			buildRules = (
			);
			dependencies = (
			);
			name = SocialApp;
			productName = SocialApp;
			productReference = 0A2EE15A251FAF35009AECA1 /* SocialApp.app */;
			productType = "com.apple.product-type.application";
		};
/* End PBXNativeTarget section */

/* Begin PBXProject section */
		0A2EE152251FAF35009AECA1 /* Project object */ = {
			isa = PBXProject;
			attributes = {
				LastSwiftUpdateCheck = 1200;
				LastUpgradeCheck = 1200;
				TargetAttributes = {
					0A2EE159251FAF35009AECA1 = {
						CreatedOnToolsVersion = 12.0.1;
					};
				};
			};
			buildConfigurationList = 0A2EE155251FAF35009AECA1 /* Build configuration list for PBXProject "SocialApp" */;
			compatibilityVersion = "Xcode 9.3";
			developmentRegion = en;
			hasScannedForEncodings = 0;
			knownRegions = (
				en,
				Base,
			);
			mainGroup = 0A2EE151251FAF35009AECA1;
			productRefGroup = 0A2EE15B251FAF35009AECA1 /* Products */;
			projectDirPath = "";
			projectRoot = "";
			targets = (
				0A2EE159251FAF35009AECA1 /* SocialApp */,
			);
		};
/* End PBXProject section */

/* Begin PBXResourcesBuildPhase section */
		0A2EE158251FAF35009AECA1 /* Resources */ = {
			isa = PBXResourcesBuildPhase;
			buildActionMask = 2147483647;
			files = (
				0A2EE16A251FAF36009AECA1 /* LaunchScreen.storyboard in Resources */,
				0A2EE167251FAF36009AECA1 /* Assets.xcassets in Resources */,
				0A2EE165251FAF35009AECA1 /* Main.storyboard in Resources */,
			);
			runOnlyForDeploymentPostprocessing = 0;
		};
/* End PBXResourcesBuildPhase section */

/* Begin PBXSourcesBuildPhase section */
		0A2EE156251FAF35009AECA1 /* Sources */ = {
			isa = PBXSourcesBuildPhase;
			buildActionMask = 2147483647;
			files = (
				0A0193D2252A19E1006977E3 /* Group.swift in Sources */,
				0A1A3F142527A33300235937 /* FriendsTableViewController.swift in Sources */,
				0A39704A2531CF7300B6082B /* LikeUIButton.swift in Sources */,
				0A7C6559253A23830000AFF3 /* NewsItem.swift in Sources */,
				0AEC81FF2540B922008AFBC4 /* ScaleViewCellAnimation.swift in Sources */,
				0A99F40F2524FB4A00221793 /* LoginViewController.swift in Sources */,
				0A734AA42537A00E0092F1CB /* GroupsStorage.swift in Sources */,
				0A1A3F1A2527A75000235937 /* UserTableCell.swift in Sources */,
				0A1A3F172527A35C00235937 /* UserGroupsTableViewController.swift in Sources */,
				0A565087253B6F6400FF7018 /* LoadingUIButton.swift in Sources */,
				0AF9E29E252E6151001C56FB /* AvatarView.swift in Sources */,
				0AF0C6712538534600D70F9C /* GroupsDataProvider.swift in Sources */,
				0AD97CC0252BC12B0080779C /* UserCollectionViewCell.swift in Sources */,
				0A0193DD252A237B006977E3 /* MemoryDataProvider.swift in Sources */,
				0A734AA125379F2C0092F1CB /* UserGroupsStorage.swift in Sources */,
				0A2EE15E251FAF35009AECA1 /* AppDelegate.swift in Sources */,
				0A7C6553253A23080000AFF3 /* NewsItemTableViewCell.swift in Sources */,
				0A3B8FE82524FF2C003D4939 /* LoginService.swift in Sources */,
				0A734AAC2537AA190092F1CB /* GroupCell.swift in Sources */,
				0AD97CBB252BADB30080779C /* Extensions.swift in Sources */,
				0A734AA82537A1C90092F1CB /* GroupsViewController.swift in Sources */,
				0A7C6556253A23640000AFF3 /* GroupNewsDataProvider.swift in Sources */,
				0A6B29BA2542047E00415CAD /* ImageViewController.swift in Sources */,
				0A734A9E25379E200092F1CB /* FriendsDataProvider.swift in Sources */,
				0A1A3F202527B26F00235937 /* TabViewController.swift in Sources */,
				0AD97CC3252BC30B0080779C /* UserCollectionViewController.swift in Sources */,
				0A1A3F1D2527B00B00235937 /* UserGroupCell.swift in Sources */,
				0A7C655C253A2B900000AFF3 /* NewsItemTableViewController.swift in Sources */,
				0A0193CE252A0956006977E3 /* User.swift in Sources */,
				0A2EE160251FAF35009AECA1 /* SceneDelegate.swift in Sources */,
			);
			runOnlyForDeploymentPostprocessing = 0;
		};
/* End PBXSourcesBuildPhase section */

/* Begin PBXVariantGroup section */
		0A2EE163251FAF35009AECA1 /* Main.storyboard */ = {
			isa = PBXVariantGroup;
			children = (
				0A2EE164251FAF35009AECA1 /* Base */,
			);
			name = Main.storyboard;
			sourceTree = "<group>";
		};
		0A2EE168251FAF36009AECA1 /* LaunchScreen.storyboard */ = {
			isa = PBXVariantGroup;
			children = (
				0A2EE169251FAF36009AECA1 /* Base */,
			);
			name = LaunchScreen.storyboard;
			sourceTree = "<group>";
		};
/* End PBXVariantGroup section */

/* Begin XCBuildConfiguration section */
		0A2EE16C251FAF36009AECA1 /* Debug */ = {
			isa = XCBuildConfiguration;
			buildSettings = {
				ALWAYS_SEARCH_USER_PATHS = NO;
				CLANG_ANALYZER_NONNULL = YES;
				CLANG_ANALYZER_NUMBER_OBJECT_CONVERSION = YES_AGGRESSIVE;
				CLANG_CXX_LANGUAGE_STANDARD = "gnu++14";
				CLANG_CXX_LIBRARY = "libc++";
				CLANG_ENABLE_MODULES = YES;
				CLANG_ENABLE_OBJC_ARC = YES;
				CLANG_ENABLE_OBJC_WEAK = YES;
				CLANG_WARN_BLOCK_CAPTURE_AUTORELEASING = YES;
				CLANG_WARN_BOOL_CONVERSION = YES;
				CLANG_WARN_COMMA = YES;
				CLANG_WARN_CONSTANT_CONVERSION = YES;
				CLANG_WARN_DEPRECATED_OBJC_IMPLEMENTATIONS = YES;
				CLANG_WARN_DIRECT_OBJC_ISA_USAGE = YES_ERROR;
				CLANG_WARN_DOCUMENTATION_COMMENTS = YES;
				CLANG_WARN_EMPTY_BODY = YES;
				CLANG_WARN_ENUM_CONVERSION = YES;
				CLANG_WARN_INFINITE_RECURSION = YES;
				CLANG_WARN_INT_CONVERSION = YES;
				CLANG_WARN_NON_LITERAL_NULL_CONVERSION = YES;
				CLANG_WARN_OBJC_IMPLICIT_RETAIN_SELF = YES;
				CLANG_WARN_OBJC_LITERAL_CONVERSION = YES;
				CLANG_WARN_OBJC_ROOT_CLASS = YES_ERROR;
				CLANG_WARN_QUOTED_INCLUDE_IN_FRAMEWORK_HEADER = YES;
				CLANG_WARN_RANGE_LOOP_ANALYSIS = YES;
				CLANG_WARN_STRICT_PROTOTYPES = YES;
				CLANG_WARN_SUSPICIOUS_MOVE = YES;
				CLANG_WARN_UNGUARDED_AVAILABILITY = YES_AGGRESSIVE;
				CLANG_WARN_UNREACHABLE_CODE = YES;
				CLANG_WARN__DUPLICATE_METHOD_MATCH = YES;
				COPY_PHASE_STRIP = NO;
				DEBUG_INFORMATION_FORMAT = dwarf;
				ENABLE_STRICT_OBJC_MSGSEND = YES;
				ENABLE_TESTABILITY = YES;
				GCC_C_LANGUAGE_STANDARD = gnu11;
				GCC_DYNAMIC_NO_PIC = NO;
				GCC_NO_COMMON_BLOCKS = YES;
				GCC_OPTIMIZATION_LEVEL = 0;
				GCC_PREPROCESSOR_DEFINITIONS = (
					"DEBUG=1",
					"$(inherited)",
				);
				GCC_WARN_64_TO_32_BIT_CONVERSION = YES;
				GCC_WARN_ABOUT_RETURN_TYPE = YES_ERROR;
				GCC_WARN_UNDECLARED_SELECTOR = YES;
				GCC_WARN_UNINITIALIZED_AUTOS = YES_AGGRESSIVE;
				GCC_WARN_UNUSED_FUNCTION = YES;
				GCC_WARN_UNUSED_VARIABLE = YES;
				IPHONEOS_DEPLOYMENT_TARGET = 14.0;
				MTL_ENABLE_DEBUG_INFO = INCLUDE_SOURCE;
				MTL_FAST_MATH = YES;
				ONLY_ACTIVE_ARCH = YES;
				SDKROOT = iphoneos;
				SWIFT_ACTIVE_COMPILATION_CONDITIONS = DEBUG;
				SWIFT_OPTIMIZATION_LEVEL = "-Onone";
			};
			name = Debug;
		};
		0A2EE16D251FAF36009AECA1 /* Release */ = {
			isa = XCBuildConfiguration;
			buildSettings = {
				ALWAYS_SEARCH_USER_PATHS = NO;
				CLANG_ANALYZER_NONNULL = YES;
				CLANG_ANALYZER_NUMBER_OBJECT_CONVERSION = YES_AGGRESSIVE;
				CLANG_CXX_LANGUAGE_STANDARD = "gnu++14";
				CLANG_CXX_LIBRARY = "libc++";
				CLANG_ENABLE_MODULES = YES;
				CLANG_ENABLE_OBJC_ARC = YES;
				CLANG_ENABLE_OBJC_WEAK = YES;
				CLANG_WARN_BLOCK_CAPTURE_AUTORELEASING = YES;
				CLANG_WARN_BOOL_CONVERSION = YES;
				CLANG_WARN_COMMA = YES;
				CLANG_WARN_CONSTANT_CONVERSION = YES;
				CLANG_WARN_DEPRECATED_OBJC_IMPLEMENTATIONS = YES;
				CLANG_WARN_DIRECT_OBJC_ISA_USAGE = YES_ERROR;
				CLANG_WARN_DOCUMENTATION_COMMENTS = YES;
				CLANG_WARN_EMPTY_BODY = YES;
				CLANG_WARN_ENUM_CONVERSION = YES;
				CLANG_WARN_INFINITE_RECURSION = YES;
				CLANG_WARN_INT_CONVERSION = YES;
				CLANG_WARN_NON_LITERAL_NULL_CONVERSION = YES;
				CLANG_WARN_OBJC_IMPLICIT_RETAIN_SELF = YES;
				CLANG_WARN_OBJC_LITERAL_CONVERSION = YES;
				CLANG_WARN_OBJC_ROOT_CLASS = YES_ERROR;
				CLANG_WARN_QUOTED_INCLUDE_IN_FRAMEWORK_HEADER = YES;
				CLANG_WARN_RANGE_LOOP_ANALYSIS = YES;
				CLANG_WARN_STRICT_PROTOTYPES = YES;
				CLANG_WARN_SUSPICIOUS_MOVE = YES;
				CLANG_WARN_UNGUARDED_AVAILABILITY = YES_AGGRESSIVE;
				CLANG_WARN_UNREACHABLE_CODE = YES;
				CLANG_WARN__DUPLICATE_METHOD_MATCH = YES;
				COPY_PHASE_STRIP = NO;
				DEBUG_INFORMATION_FORMAT = "dwarf-with-dsym";
				ENABLE_NS_ASSERTIONS = NO;
				ENABLE_STRICT_OBJC_MSGSEND = YES;
				GCC_C_LANGUAGE_STANDARD = gnu11;
				GCC_NO_COMMON_BLOCKS = YES;
				GCC_WARN_64_TO_32_BIT_CONVERSION = YES;
				GCC_WARN_ABOUT_RETURN_TYPE = YES_ERROR;
				GCC_WARN_UNDECLARED_SELECTOR = YES;
				GCC_WARN_UNINITIALIZED_AUTOS = YES_AGGRESSIVE;
				GCC_WARN_UNUSED_FUNCTION = YES;
				GCC_WARN_UNUSED_VARIABLE = YES;
				IPHONEOS_DEPLOYMENT_TARGET = 14.0;
				MTL_ENABLE_DEBUG_INFO = NO;
				MTL_FAST_MATH = YES;
				SDKROOT = iphoneos;
				SWIFT_COMPILATION_MODE = wholemodule;
				SWIFT_OPTIMIZATION_LEVEL = "-O";
				VALIDATE_PRODUCT = YES;
			};
			name = Release;
		};
		0A2EE16F251FAF36009AECA1 /* Debug */ = {
			isa = XCBuildConfiguration;
			buildSettings = {
				ASSETCATALOG_COMPILER_APPICON_NAME = AppIcon;
				ASSETCATALOG_COMPILER_GLOBAL_ACCENT_COLOR_NAME = AccentColor;
				CODE_SIGN_STYLE = Automatic;
				DEVELOPMENT_TEAM = 963SC8FJND;
				INFOPLIST_FILE = SocialApp/Info.plist;
				LD_RUNPATH_SEARCH_PATHS = (
					"$(inherited)",
					"@executable_path/Frameworks",
				);
				PRODUCT_BUNDLE_IDENTIFIER = com.davdima.SocialApp;
				PRODUCT_NAME = "$(TARGET_NAME)";
				SWIFT_VERSION = 5.0;
				TARGETED_DEVICE_FAMILY = 1;
			};
			name = Debug;
		};
		0A2EE170251FAF36009AECA1 /* Release */ = {
			isa = XCBuildConfiguration;
			buildSettings = {
				ASSETCATALOG_COMPILER_APPICON_NAME = AppIcon;
				ASSETCATALOG_COMPILER_GLOBAL_ACCENT_COLOR_NAME = AccentColor;
				CODE_SIGN_STYLE = Automatic;
				DEVELOPMENT_TEAM = 963SC8FJND;
				INFOPLIST_FILE = SocialApp/Info.plist;
				LD_RUNPATH_SEARCH_PATHS = (
					"$(inherited)",
					"@executable_path/Frameworks",
				);
				PRODUCT_BUNDLE_IDENTIFIER = com.davdima.SocialApp;
				PRODUCT_NAME = "$(TARGET_NAME)";
				SWIFT_VERSION = 5.0;
				TARGETED_DEVICE_FAMILY = 1;
			};
			name = Release;
		};
/* End XCBuildConfiguration section */

/* Begin XCConfigurationList section */
		0A2EE155251FAF35009AECA1 /* Build configuration list for PBXProject "SocialApp" */ = {
			isa = XCConfigurationList;
			buildConfigurations = (
				0A2EE16C251FAF36009AECA1 /* Debug */,
				0A2EE16D251FAF36009AECA1 /* Release */,
			);
			defaultConfigurationIsVisible = 0;
			defaultConfigurationName = Release;
		};
		0A2EE16E251FAF36009AECA1 /* Build configuration list for PBXNativeTarget "SocialApp" */ = {
			isa = XCConfigurationList;
			buildConfigurations = (
				0A2EE16F251FAF36009AECA1 /* Debug */,
				0A2EE170251FAF36009AECA1 /* Release */,
			);
			defaultConfigurationIsVisible = 0;
			defaultConfigurationName = Release;
		};
/* End XCConfigurationList section */
	};
	rootObject = 0A2EE152251FAF35009AECA1 /* Project object */;
}
